Microsoft Visual Studio Solution File, Format Version 12.00
# Visual Studio Version 18
VisualStudioVersion = 18.7.11903.348 stable
MinimumVisualStudioVersion = 10.0.40219.1
Project("{FAE04EC0-301F-11D3-BF4B-00C04F79EFBC}") = "SQLiteXM", "SQLiteXM\SQLiteXM.csproj", "{90ADB0A8-064F-497B-9440-49F1F7410B1D}"
EndProject
Project("{FAE04EC0-301F-11D3-BF4B-00C04F79EFBC}") = "SQLiteXM.Tests", "SQLiteXM.Tests\SQLiteXM.Tests.csproj", "{647D501B-A854-40F2-8DC4-F0DF9C64E81A}"
EndProject
Project("{2150E333-8FDC-42A3-9474-1A3956D46DE8}") = "Samples", "Samples", "{5D20AA90-6969-D8BD-9DCD-8634F4692FDA}"
EndProject
Project("{FAE04EC0-301F-11D3-BF4B-00C04F79EFBC}") = "RegistrationDemo", "Samples\RegistrationDemo\RegistrationDemo.csproj", "{1EE19214-184F-4840-BAEE-6BC6887E7337}"
EndProject
Project("{FAE04EC0-301F-11D3-BF4B-00C04F79EFBC}") = "DirectBindingDemo", "Samples\DirectBindingDemo\DirectBindingDemo.csproj", "{358BACCE-7E54-444E-A1B4-58530B2FB705}"
EndProject
Project("{FAE04EC0-301F-11D3-BF4B-00C04F79EFBC}") = "QueryGalleryDemo", "Samples\QueryGalleryDemo\QueryGalleryDemo.csproj", "{37F8FD07-F4B5-46FF-9656-9733E59DA076}"
EndProject
Global
	GlobalSection(SolutionConfigurationPlatforms) = preSolution
		Debug|Any CPU = Debug|Any CPU
		Debug|x64 = Debug|x64
		Debug|x86 = Debug|x86
		Release|Any CPU = Release|Any CPU
		Release|x64 = Release|x64
		Release|x86 = Release|x86
	EndGlobalSection
	GlobalSection(ProjectConfigurationPlatforms) = postSolution
		{90ADB0A8-064F-497B-9440-49F1F7410B1D}.Debug|Any CPU.ActiveCfg = Debug|Any CPU
		{90ADB0A8-064F-497B-9440-49F1F7410B1D}.Debug|Any CPU.Build.0 = Debug|Any CPU
		{90ADB0A8-064F-497B-9440-49F1F7410B1D}.Debug|x64.ActiveCfg = Debug|Any CPU
		{90ADB0A8-064F-497B-9440-49F1F7410B1D}.Debug|x64.Build.0 = Debug|Any CPU
		{90ADB0A8-064F-497B-9440-49F1F7410B1D}.Debug|x86.ActiveCfg = Debug|Any CPU
		{90ADB0A8-064F-497B-9440-49F1F7410B1D}.Debug|x86.Build.0 = Debug|Any CPU
		{90ADB0A8-064F-497B-9440-49F1F7410B1D}.Release|Any CPU.ActiveCfg = Release|Any CPU
		{90ADB0A8-064F-497B-9440-49F1F7410B1D}.Release|Any CPU.Build.0 = Release|Any CPU
		{90ADB0A8-064F-497B-9440-49F1F7410B1D}.Release|x64.ActiveCfg = Release|Any CPU
		{90ADB0A8-064F-497B-9440-49F1F7410B1D}.Release|x64.Build.0 = Release|Any CPU
		{90ADB0A8-064F-497B-9440-49F1F7410B1D}.Release|x86.ActiveCfg = Release|Any CPU
		{90ADB0A8-064F-497B-9440-49F1F7410B1D}.Release|x86.Build.0 = Release|Any CPU
		{647D501B-A854-40F2-8DC4-F0DF9C64E81A}.Debug|Any CPU.ActiveCfg = Debug|Any CPU
		{647D501B-A854-40F2-8DC4-F0DF9C64E81A}.Debug|Any CPU.Build.0 = Debug|Any CPU
		{647D501B-A854-40F2-8DC4-F0DF9C64E81A}.Debug|x64.ActiveCfg = Debug|Any CPU
		{647D501B-A854-40F2-8DC4-F0DF9C64E81A}.Debug|x64.Build.0 = Debug|Any CPU
		{647D501B-A854-40F2-8DC4-F0DF9C64E81A}.Debug|x86.ActiveCfg = Debug|Any CPU
		{647D501B-A854-40F2-8DC4-F0DF9C64E81A}.Debug|x86.Build.0 = Debug|Any CPU
		{647D501B-A854-40F2-8DC4-F0DF9C64E81A}.Release|Any CPU.ActiveCfg = Release|Any CPU
		{647D501B-A854-40F2-8DC4-F0DF9C64E81A}.Release|Any CPU.Build.0 = Release|Any CPU
		{647D501B-A854-40F2-8DC4-F0DF9C64E81A}.Release|x64.ActiveCfg = Release|Any CPU
		{647D501B-A854-40F2-8DC4-F0DF9C64E81A}.Release|x64.Build.0 = Release|Any CPU
		{647D501B-A854-40F2-8DC4-F0DF9C64E81A}.Release|x86.ActiveCfg = Release|Any CPU
		{647D501B-A854-40F2-8DC4-F0DF9C64E81A}.Release|x86.Build.0 = Release|Any CPU
		{1EE19214-184F-4840-BAEE-6BC6887E7337}.Debug|Any CPU.ActiveCfg = Debug|Any CPU
		{1EE19214-184F-4840-BAEE-6BC6887E7337}.Debug|Any CPU.Build.0 = Debug|Any CPU
		{1EE19214-184F-4840-BAEE-6BC6887E7337}.Debug|x64.ActiveCfg = Debug|Any CPU
		{1EE19214-184F-4840-BAEE-6BC6887E7337}.Debug|x64.Build.0 = Debug|Any CPU
		{1EE19214-184F-4840-BAEE-6BC6887E7337}.Debug|x86.ActiveCfg = Debug|Any CPU
		{1EE19214-184F-4840-BAEE-6BC6887E7337}.Debug|x86.Build.0 = Debug|Any CPU
		{1EE19214-184F-4840-BAEE-6BC6887E7337}.Release|Any CPU.ActiveCfg = Release|Any CPU
		{1EE19214-184F-4840-BAEE-6BC6887E7337}.Release|Any CPU.Build.0 = Release|Any CPU
		{1EE19214-184F-4840-BAEE-6BC6887E7337}.Release|x64.ActiveCfg = Release|Any CPU
		{1EE19214-184F-4840-BAEE-6BC6887E7337}.Release|x64.Build.0 = Release|Any CPU
		{1EE19214-184F-4840-BAEE-6BC6887E7337}.Release|x86.ActiveCfg = Release|Any CPU
		{1EE19214-184F-4840-BAEE-6BC6887E7337}.Release|x86.Build.0 = Release|Any CPU
		{358BACCE-7E54-444E-A1B4-58530B2FB705}.Debug|Any CPU.ActiveCfg = Debug|Any CPU
		{358BACCE-7E54-444E-A1B4-58530B2FB705}.Debug|Any CPU.Build.0 = Debug|Any CPU
		{358BACCE-7E54-444E-A1B4-58530B2FB705}.Debug|x64.ActiveCfg = Debug|Any CPU
		{358BACCE-7E54-444E-A1B4-58530B2FB705}.Debug|x64.Build.0 = Debug|Any CPU
		{358BACCE-7E54-444E-A1B4-58530B2FB705}.Debug|x86.ActiveCfg = Debug|Any CPU
		{358BACCE-7E54-444E-A1B4-58530B2FB705}.Debug|x86.Build.0 = Debug|Any CPU
		{358BACCE-7E54-444E-A1B4-58530B2FB705}.Release|Any CPU.ActiveCfg = Release|Any CPU
		{358BACCE-7E54-444E-A1B4-58530B2FB705}.Release|Any CPU.Build.0 = Release|Any CPU
		{358BACCE-7E54-444E-A1B4-58530B2FB705}.Release|x64.ActiveCfg = Release|Any CPU
		{358BACCE-7E54-444E-A1B4-58530B2FB705}.Release|x64.Build.0 = Release|Any CPU
		{358BACCE-7E54-444E-A1B4-58530B2FB705}.Release|x86.ActiveCfg = Release|Any CPU
		{358BACCE-7E54-444E-A1B4-58530B2FB705}.Release|x86.Build.0 = Release|Any CPU
		{37F8FD07-F4B5-46FF-9656-9733E59DA076}.Debug|Any CPU.ActiveCfg = Debug|Any CPU
		{37F8FD07-F4B5-46FF-9656-9733E59DA076}.Debug|Any CPU.Build.0 = Debug|Any CPU
		{37F8FD07-F4B5-46FF-9656-9733E59DA076}.Debug|x64.ActiveCfg = Debug|Any CPU
		{37F8FD07-F4B5-46FF-9656-9733E59DA076}.Debug|x64.Build.0 = Debug|Any CPU
		{37F8FD07-F4B5-46FF-9656-9733E59DA076}.Debug|x86.ActiveCfg = Debug|Any CPU
		{37F8FD07-F4B5-46FF-9656-9733E59DA076}.Debug|x86.Build.0 = Debug|Any CPU
		{37F8FD07-F4B5-46FF-9656-9733E59DA076}.Release|Any CPU.ActiveCfg = Release|Any CPU
		{37F8FD07-F4B5-46FF-9656-9733E59DA076}.Release|Any CPU.Build.0 = Release|Any CPU
		{37F8FD07-F4B5-46FF-9656-9733E59DA076}.Release|x64.ActiveCfg = Release|Any CPU
		{37F8FD07-F4B5-46FF-9656-9733E59DA076}.Release|x64.Build.0 = Release|Any CPU
		{37F8FD07-F4B5-46FF-9656-9733E59DA076}.Release|x86.ActiveCfg = Release|Any CPU
		{37F8FD07-F4B5-46FF-9656-9733E59DA076}.Release|x86.Build.0 = Release|Any CPU
	EndGlobalSection
	GlobalSection(SolutionProperties) = preSolution
		HideSolutionNode = FALSE
	EndGlobalSection
	GlobalSection(NestedProjects) = preSolution
		{1EE19214-184F-4840-BAEE-6BC6887E7337} = {5D20AA90-6969-D8BD-9DCD-8634F4692FDA}
		{358BACCE-7E54-444E-A1B4-58530B2FB705} = {5D20AA90-6969-D8BD-9DCD-8634F4692FDA}
		{37F8FD07-F4B5-46FF-9656-9733E59DA076} = {5D20AA90-6969-D8BD-9DCD-8634F4692FDA}
	EndGlobalSection
	GlobalSection(ExtensibilityGlobals) = postSolution
		SolutionGuid = {24E496F9-5BED-46E9-A5AB-8028F8D61684}
	EndGlobalSection
EndGlobal
