
Microsoft Visual Studio Solution File, Format Version 12.00
# Visual Studio Version 17
VisualStudioVersion = 17.8.34309.116
MinimumVisualStudioVersion = 10.0.40219.1
Project("{FAE04EC0-301F-11D3-BF4B-00C04F79EFBC}") = "SQLiteXM", "SQLiteXMCL\SQLiteXM.csproj", "{90ADB0A8-064F-497B-9440-49F1F7410B1D}"
EndProject
Global
	GlobalSection(SolutionConfigurationPlatforms) = preSolution
		Debug|Any CPU = Debug|Any CPU
		Release|Any CPU = Release|Any CPU
	EndGlobalSection
	GlobalSection(ProjectConfigurationPlatforms) = postSolution
		{90ADB0A8-064F-497B-9440-49F1F7410B1D}.Debug|Any CPU.ActiveCfg = Debug|Any CPU
		{90ADB0A8-064F-497B-9440-49F1F7410B1D}.Debug|Any CPU.Build.0 = Debug|Any CPU
		{90ADB0A8-064F-497B-9440-49F1F7410B1D}.Release|Any CPU.ActiveCfg = Release|Any CPU
		{90ADB0A8-064F-497B-9440-49F1F7410B1D}.Release|Any CPU.Build.0 = Release|Any CPU
	EndGlobalSection
	GlobalSection(SolutionProperties) = preSolution
		HideSolutionNode = FALSE
	EndGlobalSection
	GlobalSection(ExtensibilityGlobals) = postSolution
		SolutionGuid = {24E496F9-5BED-46E9-A5AB-8028F8D61684}
	EndGlobalSection
EndGlobal
